# THIS IS AN AUTOGENERATED FILE. DO NOT EDIT THIS FILE DIRECTLY.
# yarn lockfile v1


caniuse-lite@^1.0.30001739:
  version "1.0.30001739"
  resolved "https://registry.npmjs.org/caniuse-lite/-/caniuse-lite-1.0.30001739.tgz"
  integrity sha512-y+j60d6ulelrNSwpPyrHdl+9mJnQzHBr08xm48Qno0nSk4h3Qojh+ziv2qE6rXf4k3tadF4o1J/1tAbVm1NtnA==
